
Microsoft Visual Studio Solution File, Format Version 12.00
# Visual Studio Version 17
VisualStudioVersion = 17.8.34330.188
MinimumVisualStudioVersion = 10.0.40219.1
Project("{FAE04EC0-301F-11D3-BF4B-00C04F79EFBC}") = "Sm.Crm.Domain", "src\Sm.Crm.Domain\Sm.Crm.Domain.csproj", "{1F0927A8-BB54-4F05-92F8-57BAC064F03B}"
EndProject
Project("{FAE04EC0-301F-11D3-BF4B-00C04F79EFBC}") = "Sm.Crm.Application", "src\Sm.Crm.Application\Sm.Crm.Application.csproj", "{9BCFA6E6-1BB8-4699-98B8-0CF089CF0D9C}"
EndProject
Project("{FAE04EC0-301F-11D3-BF4B-00C04F79EFBC}") = "Sm.Crm.Infrastructure", "src\Sm.Crm.Infrastructure\Sm.Crm.Infrastructure.csproj", "{AD848EE3-C535-4D20-BD1C-60F5EA9157AC}"
EndProject
Project("{FAE04EC0-301F-11D3-BF4B-00C04F79EFBC}") = "Sm.Crm.WebApi", "src\Sm.Crm.WebApi\Sm.Crm.WebApi.csproj", "{2178BD0B-0944-45F7-B5E3-E8F8059061E8}"
EndProject
Global
	GlobalSection(SolutionConfigurationPlatforms) = preSolution
		Debug|Any CPU = Debug|Any CPU
		Release|Any CPU = Release|Any CPU
	EndGlobalSection
	GlobalSection(ProjectConfigurationPlatforms) = postSolution
		{1F0927A8-BB54-4F05-92F8-57BAC064F03B}.Debug|Any CPU.ActiveCfg = Debug|Any CPU
		{1F0927A8-BB54-4F05-92F8-57BAC064F03B}.Debug|Any CPU.Build.0 = Debug|Any CPU
		{1F0927A8-BB54-4F05-92F8-57BAC064F03B}.Release|Any CPU.ActiveCfg = Release|Any CPU
		{1F0927A8-BB54-4F05-92F8-57BAC064F03B}.Release|Any CPU.Build.0 = Release|Any CPU
		{9BCFA6E6-1BB8-4699-98B8-0CF089CF0D9C}.Debug|Any CPU.ActiveCfg = Debug|Any CPU
		{9BCFA6E6-1BB8-4699-98B8-0CF089CF0D9C}.Debug|Any CPU.Build.0 = Debug|Any CPU
		{9BCFA6E6-1BB8-4699-98B8-0CF089CF0D9C}.Release|Any CPU.ActiveCfg = Release|Any CPU
		{9BCFA6E6-1BB8-4699-98B8-0CF089CF0D9C}.Release|Any CPU.Build.0 = Release|Any CPU
		{AD848EE3-C535-4D20-BD1C-60F5EA9157AC}.Debug|Any CPU.ActiveCfg = Debug|Any CPU
		{AD848EE3-C535-4D20-BD1C-60F5EA9157AC}.Debug|Any CPU.Build.0 = Debug|Any CPU
		{AD848EE3-C535-4D20-BD1C-60F5EA9157AC}.Release|Any CPU.ActiveCfg = Release|Any CPU
		{AD848EE3-C535-4D20-BD1C-60F5EA9157AC}.Release|Any CPU.Build.0 = Release|Any CPU
		{2178BD0B-0944-45F7-B5E3-E8F8059061E8}.Debug|Any CPU.ActiveCfg = Debug|Any CPU
		{2178BD0B-0944-45F7-B5E3-E8F8059061E8}.Debug|Any CPU.Build.0 = Debug|Any CPU
		{2178BD0B-0944-45F7-B5E3-E8F8059061E8}.Release|Any CPU.ActiveCfg = Release|Any CPU
		{2178BD0B-0944-45F7-B5E3-E8F8059061E8}.Release|Any CPU.Build.0 = Release|Any CPU
	EndGlobalSection
	GlobalSection(SolutionProperties) = preSolution
		HideSolutionNode = FALSE
	EndGlobalSection
	GlobalSection(ExtensibilityGlobals) = postSolution
		SolutionGuid = {BAD2A3B9-F4AA-4AA3-BBDA-179F969BCDF0}
	EndGlobalSection
EndGlobal
